
Microsoft Visual Studio Solution File, Format Version 12.00
Project("{FAE04EC0-301F-11D3-BF4B-00C04F79EFBC}") = "APNPromise.Library", "APNPromise.Library\APNPromise.Library.csproj", "{AE248721-9CB4-4CEA-A032-D6E953EF413D}"
EndProject
Project("{FAE04EC0-301F-11D3-BF4B-00C04F79EFBC}") = "APNPromise.Library.Tests", "APNPromise.Library.Tests\APNPromise.Library.Tests.csproj", "{5F58C6B5-2404-465F-8126-F5A95CA6F078}"
EndProject
Global
	GlobalSection(SolutionConfigurationPlatforms) = preSolution
		Debug|Any CPU = Debug|Any CPU
		Release|Any CPU = Release|Any CPU
	EndGlobalSection
	GlobalSection(ProjectConfigurationPlatforms) = postSolution
		{AE248721-9CB4-4CEA-A032-D6E953EF413D}.Debug|Any CPU.ActiveCfg = Debug|Any CPU
		{AE248721-9CB4-4CEA-A032-D6E953EF413D}.Debug|Any CPU.Build.0 = Debug|Any CPU
		{AE248721-9CB4-4CEA-A032-D6E953EF413D}.Release|Any CPU.ActiveCfg = Release|Any CPU
		{AE248721-9CB4-4CEA-A032-D6E953EF413D}.Release|Any CPU.Build.0 = Release|Any CPU
		{5F58C6B5-2404-465F-8126-F5A95CA6F078}.Debug|Any CPU.ActiveCfg = Debug|Any CPU
		{5F58C6B5-2404-465F-8126-F5A95CA6F078}.Debug|Any CPU.Build.0 = Debug|Any CPU
		{5F58C6B5-2404-465F-8126-F5A95CA6F078}.Release|Any CPU.ActiveCfg = Release|Any CPU
		{5F58C6B5-2404-465F-8126-F5A95CA6F078}.Release|Any CPU.Build.0 = Release|Any CPU
	EndGlobalSection
EndGlobal
